
Microsoft Visual Studio Solution File, Format Version 12.00
# Visual Studio Version 16
VisualStudioVersion = 16.0.29424.173
MinimumVisualStudioVersion = 10.0.40219.1
Project("{9A19103F-16F7-4668-BE54-9A1E7A4F7556}") = "BVBScraper.Console", "BVBScraper.Console\BVBScraper.Console.csproj", "{B97EE0F0-CF34-4972-A746-4FCE67145FF7}"
EndProject
Project("{FAE04EC0-301F-11D3-BF4B-00C04F79EFBC}") = "BVBScraper", "BVBScraper\BVBScraper.csproj", "{C2523B4C-BDC9-44A6-9829-4B202FB55A3F}"
EndProject
Global
	GlobalSection(SolutionConfigurationPlatforms) = preSolution
		Debug|Any CPU = Debug|Any CPU
		Release|Any CPU = Release|Any CPU
	EndGlobalSection
	GlobalSection(ProjectConfigurationPlatforms) = postSolution
		{B97EE0F0-CF34-4972-A746-4FCE67145FF7}.Debug|Any CPU.ActiveCfg = Debug|Any CPU
		{B97EE0F0-CF34-4972-A746-4FCE67145FF7}.Debug|Any CPU.Build.0 = Debug|Any CPU
		{B97EE0F0-CF34-4972-A746-4FCE67145FF7}.Release|Any CPU.ActiveCfg = Release|Any CPU
		{B97EE0F0-CF34-4972-A746-4FCE67145FF7}.Release|Any CPU.Build.0 = Release|Any CPU
		{C2523B4C-BDC9-44A6-9829-4B202FB55A3F}.Debug|Any CPU.ActiveCfg = Debug|Any CPU
		{C2523B4C-BDC9-44A6-9829-4B202FB55A3F}.Debug|Any CPU.Build.0 = Debug|Any CPU
		{C2523B4C-BDC9-44A6-9829-4B202FB55A3F}.Release|Any CPU.ActiveCfg = Release|Any CPU
		{C2523B4C-BDC9-44A6-9829-4B202FB55A3F}.Release|Any CPU.Build.0 = Release|Any CPU
	EndGlobalSection
	GlobalSection(SolutionProperties) = preSolution
		HideSolutionNode = FALSE
	EndGlobalSection
	GlobalSection(ExtensibilityGlobals) = postSolution
		SolutionGuid = {59B558C9-3FE8-40E3-B67D-301EFFB0E2AC}
	EndGlobalSection
EndGlobal
