
Microsoft Visual Studio Solution File, Format Version 12.00
# Visual Studio Version 16
VisualStudioVersion = 16.0.29424.173
MinimumVisualStudioVersion = 10.0.40219.1
Project("{9A19103F-16F7-4668-BE54-9A1E7A4F7556}") = "Investments.Logic", "Investments.Logic\Investments.Logic.csproj", "{4D43E19B-9C8F-4E52-A640-21F90AC968E6}"
EndProject
Project("{9A19103F-16F7-4668-BE54-9A1E7A4F7556}") = "Investments.Domain", "Investments.Domain\Investments.Domain.csproj", "{923DF077-940F-42F7-BAC1-AB9A2B9A897D}"
EndProject
Project("{9A19103F-16F7-4668-BE54-9A1E7A4F7556}") = "Investments.Domain.Tests", "Investments.Domain.Tests\Investments.Domain.Tests.csproj", "{911D170D-67AC-467B-91CB-8A1FCDB33885}"
EndProject
Project("{9A19103F-16F7-4668-BE54-9A1E7A4F7556}") = "Investments.Logic.Tests", "Investments.Logic.Tests\Investments.Logic.Tests.csproj", "{4A68BA7F-DD2C-476E-9BB2-0597D1812C6C}"
EndProject
Project("{9A19103F-16F7-4668-BE54-9A1E7A4F7556}") = "Investments.Advisor", "Investments.Advisor\Investments.Advisor.csproj", "{C601E1CD-7A5F-4471-BFAF-DEDC05886344}"
EndProject
Project("{9A19103F-16F7-4668-BE54-9A1E7A4F7556}") = "Investments.Advisor.Tests", "Investments.Advisor.Tests\Investments.Advisor.Tests.csproj", "{B6C236B3-D216-477B-9FD1-8D7D788FF5D7}"
EndProject
Project("{9A19103F-16F7-4668-BE54-9A1E7A4F7556}") = "Investments.Utils", "Investments.Utils\Investments.Utils.csproj", "{8BEF03EE-9854-44F7-B925-CC8E2605A25A}"
EndProject
Project("{9A19103F-16F7-4668-BE54-9A1E7A4F7556}") = "BVBScraper", "BVBScraper\BVBScraper.csproj", "{19D6D9A7-C3D2-438E-AB3B-90541ACB015B}"
EndProject
Project("{9A19103F-16F7-4668-BE54-9A1E7A4F7556}") = "Trading.Functions", "Trading.Functions\Trading.Functions.csproj", "{7184B34A-BB4B-4A72-B7F7-03F26194587D}"
EndProject
Project("{9A19103F-16F7-4668-BE54-9A1E7A4F7556}") = "Trading.IntegrationTests", "Trading.IntegrationTests\Trading.IntegrationTests.csproj", "{C8894926-C651-461C-8F48-92598559EBCF}"
EndProject
Global
	GlobalSection(SolutionConfigurationPlatforms) = preSolution
		Debug|Any CPU = Debug|Any CPU
		Release|Any CPU = Release|Any CPU
	EndGlobalSection
	GlobalSection(ProjectConfigurationPlatforms) = postSolution
		{4D43E19B-9C8F-4E52-A640-21F90AC968E6}.Debug|Any CPU.ActiveCfg = Debug|Any CPU
		{4D43E19B-9C8F-4E52-A640-21F90AC968E6}.Debug|Any CPU.Build.0 = Debug|Any CPU
		{4D43E19B-9C8F-4E52-A640-21F90AC968E6}.Release|Any CPU.ActiveCfg = Release|Any CPU
		{4D43E19B-9C8F-4E52-A640-21F90AC968E6}.Release|Any CPU.Build.0 = Release|Any CPU
		{923DF077-940F-42F7-BAC1-AB9A2B9A897D}.Debug|Any CPU.ActiveCfg = Debug|Any CPU
		{923DF077-940F-42F7-BAC1-AB9A2B9A897D}.Debug|Any CPU.Build.0 = Debug|Any CPU
		{923DF077-940F-42F7-BAC1-AB9A2B9A897D}.Release|Any CPU.ActiveCfg = Release|Any CPU
		{923DF077-940F-42F7-BAC1-AB9A2B9A897D}.Release|Any CPU.Build.0 = Release|Any CPU
		{911D170D-67AC-467B-91CB-8A1FCDB33885}.Debug|Any CPU.ActiveCfg = Debug|Any CPU
		{911D170D-67AC-467B-91CB-8A1FCDB33885}.Debug|Any CPU.Build.0 = Debug|Any CPU
		{911D170D-67AC-467B-91CB-8A1FCDB33885}.Release|Any CPU.ActiveCfg = Release|Any CPU
		{911D170D-67AC-467B-91CB-8A1FCDB33885}.Release|Any CPU.Build.0 = Release|Any CPU
		{4A68BA7F-DD2C-476E-9BB2-0597D1812C6C}.Debug|Any CPU.ActiveCfg = Debug|Any CPU
		{4A68BA7F-DD2C-476E-9BB2-0597D1812C6C}.Debug|Any CPU.Build.0 = Debug|Any CPU
		{4A68BA7F-DD2C-476E-9BB2-0597D1812C6C}.Release|Any CPU.ActiveCfg = Release|Any CPU
		{4A68BA7F-DD2C-476E-9BB2-0597D1812C6C}.Release|Any CPU.Build.0 = Release|Any CPU
		{C601E1CD-7A5F-4471-BFAF-DEDC05886344}.Debug|Any CPU.ActiveCfg = Debug|Any CPU
		{C601E1CD-7A5F-4471-BFAF-DEDC05886344}.Debug|Any CPU.Build.0 = Debug|Any CPU
		{C601E1CD-7A5F-4471-BFAF-DEDC05886344}.Release|Any CPU.ActiveCfg = Release|Any CPU
		{C601E1CD-7A5F-4471-BFAF-DEDC05886344}.Release|Any CPU.Build.0 = Release|Any CPU
		{B6C236B3-D216-477B-9FD1-8D7D788FF5D7}.Debug|Any CPU.ActiveCfg = Debug|Any CPU
		{B6C236B3-D216-477B-9FD1-8D7D788FF5D7}.Debug|Any CPU.Build.0 = Debug|Any CPU
		{B6C236B3-D216-477B-9FD1-8D7D788FF5D7}.Release|Any CPU.ActiveCfg = Release|Any CPU
		{B6C236B3-D216-477B-9FD1-8D7D788FF5D7}.Release|Any CPU.Build.0 = Release|Any CPU
		{8BEF03EE-9854-44F7-B925-CC8E2605A25A}.Debug|Any CPU.ActiveCfg = Debug|Any CPU
		{8BEF03EE-9854-44F7-B925-CC8E2605A25A}.Debug|Any CPU.Build.0 = Debug|Any CPU
		{8BEF03EE-9854-44F7-B925-CC8E2605A25A}.Release|Any CPU.ActiveCfg = Release|Any CPU
		{8BEF03EE-9854-44F7-B925-CC8E2605A25A}.Release|Any CPU.Build.0 = Release|Any CPU
		{19D6D9A7-C3D2-438E-AB3B-90541ACB015B}.Debug|Any CPU.ActiveCfg = Debug|Any CPU
		{19D6D9A7-C3D2-438E-AB3B-90541ACB015B}.Debug|Any CPU.Build.0 = Debug|Any CPU
		{19D6D9A7-C3D2-438E-AB3B-90541ACB015B}.Release|Any CPU.ActiveCfg = Release|Any CPU
		{19D6D9A7-C3D2-438E-AB3B-90541ACB015B}.Release|Any CPU.Build.0 = Release|Any CPU
		{7184B34A-BB4B-4A72-B7F7-03F26194587D}.Debug|Any CPU.ActiveCfg = Debug|Any CPU
		{7184B34A-BB4B-4A72-B7F7-03F26194587D}.Debug|Any CPU.Build.0 = Debug|Any CPU
		{7184B34A-BB4B-4A72-B7F7-03F26194587D}.Release|Any CPU.ActiveCfg = Release|Any CPU
		{7184B34A-BB4B-4A72-B7F7-03F26194587D}.Release|Any CPU.Build.0 = Release|Any CPU
		{C8894926-C651-461C-8F48-92598559EBCF}.Debug|Any CPU.ActiveCfg = Debug|Any CPU
		{C8894926-C651-461C-8F48-92598559EBCF}.Debug|Any CPU.Build.0 = Debug|Any CPU
		{C8894926-C651-461C-8F48-92598559EBCF}.Release|Any CPU.ActiveCfg = Release|Any CPU
		{C8894926-C651-461C-8F48-92598559EBCF}.Release|Any CPU.Build.0 = Release|Any CPU
	EndGlobalSection
	GlobalSection(SolutionProperties) = preSolution
		HideSolutionNode = FALSE
	EndGlobalSection
	GlobalSection(ExtensibilityGlobals) = postSolution
		SolutionGuid = {59B558C9-3FE8-40E3-B67D-301EFFB0E2AC}
	EndGlobalSection
EndGlobal
